// !$*UTF8*$!
{
	archiveVersion = 1;
	classes = {
	};
	objectVersion = 50;
	objects = {

/* Begin PBXBuildFile section */
		4C46B47E21EF0FA600CE8638 /* AppDelegate.swift in Sources */ = {isa = PBXBuildFile; fileRef = 4C46B47D21EF0FA600CE8638 /* AppDelegate.swift */; };
		4C46B48021EF0FA600CE8638 /* ViewController.swift in Sources */ = {isa = PBXBuildFile; fileRef = 4C46B47F21EF0FA600CE8638 /* ViewController.swift */; };
		4C46B48321EF0FA600CE8638 /* Main.storyboard in Resources */ = {isa = PBXBuildFile; fileRef = 4C46B48121EF0FA600CE8638 /* Main.storyboard */; };
		4C46B48521EF0FA700CE8638 /* Assets.xcassets in Resources */ = {isa = PBXBuildFile; fileRef = 4C46B48421EF0FA700CE8638 /* Assets.xcassets */; };
		4C46B48821EF0FA700CE8638 /* LaunchScreen.storyboard in Resources */ = {isa = PBXBuildFile; fileRef = 4C46B48621EF0FA700CE8638 /* LaunchScreen.storyboard */; };
		4C46B49121EF162D00CE8638 /* Mirror.cikernel in Resources */ = {isa = PBXBuildFile; fileRef = 4C46B49021EF162D00CE8638 /* Mirror.cikernel */; };
		4C46B49321EF16E100CE8638 /* MirrorFilter.swift in Sources */ = {isa = PBXBuildFile; fileRef = 4C46B49221EF16E100CE8638 /* MirrorFilter.swift */; };
		4C46B49621EF213800CE8638 /* FilterViewController.swift in Sources */ = {isa = PBXBuildFile; fileRef = 4C46B49521EF213800CE8638 /* FilterViewController.swift */; };
		4C46B49821EF21FA00CE8638 /* MirrorFilterViewController.swift in Sources */ = {isa = PBXBuildFile; fileRef = 4C46B49721EF21FA00CE8638 /* MirrorFilterViewController.swift */; };
		4C46B49A21EF2DD500CE8638 /* Filter.swift in Sources */ = {isa = PBXBuildFile; fileRef = 4C46B49921EF2DD500CE8638 /* Filter.swift */; };
		A8F8098C3AC5348127BED23B /* Pods_part02_CustomFilter.framework in Frameworks */ = {isa = PBXBuildFile; fileRef = 60DFA9BA3B65DA6398B664D6 /* Pods_part02_CustomFilter.framework */; };
/* End PBXBuildFile section */

/* Begin PBXFileReference section */
		4C46B47A21EF0FA600CE8638 /* part02-CustomFilter.app */ = {isa = PBXFileReference; explicitFileType = wrapper.application; includeInIndex = 0; path = "part02-CustomFilter.app"; sourceTree = BUILT_PRODUCTS_DIR; };
		4C46B47D21EF0FA600CE8638 /* AppDelegate.swift */ = {isa = PBXFileReference; lastKnownFileType = sourcecode.swift; path = AppDelegate.swift; sourceTree = "<group>"; };
		4C46B47F21EF0FA600CE8638 /* ViewController.swift */ = {isa = PBXFileReference; lastKnownFileType = sourcecode.swift; path = ViewController.swift; sourceTree = "<group>"; };
		4C46B48221EF0FA600CE8638 /* Base */ = {isa = PBXFileReference; lastKnownFileType = file.storyboard; name = Base; path = Base.lproj/Main.storyboard; sourceTree = "<group>"; };
		4C46B48421EF0FA700CE8638 /* Assets.xcassets */ = {isa = PBXFileReference; lastKnownFileType = folder.assetcatalog; path = Assets.xcassets; sourceTree = "<group>"; };
		4C46B48721EF0FA700CE8638 /* Base */ = {isa = PBXFileReference; lastKnownFileType = file.storyboard; name = Base; path = Base.lproj/LaunchScreen.storyboard; sourceTree = "<group>"; };
		4C46B48921EF0FA700CE8638 /* Info.plist */ = {isa = PBXFileReference; lastKnownFileType = text.plist.xml; path = Info.plist; sourceTree = "<group>"; };
		4C46B49021EF162D00CE8638 /* Mirror.cikernel */ = {isa = PBXFileReference; lastKnownFileType = text; path = Mirror.cikernel; sourceTree = "<group>"; };
		4C46B49221EF16E100CE8638 /* MirrorFilter.swift */ = {isa = PBXFileReference; lastKnownFileType = sourcecode.swift; path = MirrorFilter.swift; sourceTree = "<group>"; };
		4C46B49521EF213800CE8638 /* FilterViewController.swift */ = {isa = PBXFileReference; lastKnownFileType = sourcecode.swift; path = FilterViewController.swift; sourceTree = "<group>"; };
		4C46B49721EF21FA00CE8638 /* MirrorFilterViewController.swift */ = {isa = PBXFileReference; lastKnownFileType = sourcecode.swift; path = MirrorFilterViewController.swift; sourceTree = "<group>"; };
		4C46B49921EF2DD500CE8638 /* Filter.swift */ = {isa = PBXFileReference; lastKnownFileType = sourcecode.swift; path = Filter.swift; sourceTree = "<group>"; };
		60DFA9BA3B65DA6398B664D6 /* Pods_part02_CustomFilter.framework */ = {isa = PBXFileReference; explicitFileType = wrapper.framework; includeInIndex = 0; path = Pods_part02_CustomFilter.framework; sourceTree = BUILT_PRODUCTS_DIR; };
		7ABBCD74E0574E7DA6159FD2 /* Pods-part02-CustomFilter.debug.xcconfig */ = {isa = PBXFileReference; includeInIndex = 1; lastKnownFileType = text.xcconfig; name = "Pods-part02-CustomFilter.debug.xcconfig"; path = "Pods/Target Support Files/Pods-part02-CustomFilter/Pods-part02-CustomFilter.debug.xcconfig"; sourceTree = "<group>"; };
		A904B4FE83AB2932B7481745 /* Pods-part02-CustomFilter.release.xcconfig */ = {isa = PBXFileReference; includeInIndex = 1; lastKnownFileType = text.xcconfig; name = "Pods-part02-CustomFilter.release.xcconfig"; path = "Pods/Target Support Files/Pods-part02-CustomFilter/Pods-part02-CustomFilter.release.xcconfig"; sourceTree = "<group>"; };
/* End PBXFileReference section */

/* Begin PBXFrameworksBuildPhase section */
		4C46B47721EF0FA600CE8638 /* Frameworks */ = {
			isa = PBXFrameworksBuildPhase;
			buildActionMask = 2147483647;
			files = (
				A8F8098C3AC5348127BED23B /* Pods_part02_CustomFilter.framework in Frameworks */,
			);
			runOnlyForDeploymentPostprocessing = 0;
		};
/* End PBXFrameworksBuildPhase section */

/* Begin PBXGroup section */
		1E9ADC3BAED813F08A22969D /* Pods */ = {
			isa = PBXGroup;
			children = (
				7ABBCD74E0574E7DA6159FD2 /* Pods-part02-CustomFilter.debug.xcconfig */,
				A904B4FE83AB2932B7481745 /* Pods-part02-CustomFilter.release.xcconfig */,
			);
			name = Pods;
			sourceTree = "<group>";
		};
		4C46B47121EF0FA600CE8638 = {
			isa = PBXGroup;
			children = (
				4C46B47C21EF0FA600CE8638 /* part02-CustomFilter */,
				4C46B47B21EF0FA600CE8638 /* Products */,
				1E9ADC3BAED813F08A22969D /* Pods */,
				C4834A86CF1B9E69E7009BA5 /* Frameworks */,
			);
			sourceTree = "<group>";
		};
		4C46B47B21EF0FA600CE8638 /* Products */ = {
			isa = PBXGroup;
			children = (
				4C46B47A21EF0FA600CE8638 /* part02-CustomFilter.app */,
			);
			name = Products;
			sourceTree = "<group>";
		};
		4C46B47C21EF0FA600CE8638 /* part02-CustomFilter */ = {
			isa = PBXGroup;
			children = (
				4C46B48F21EF161200CE8638 /* Filters */,
				4C46B47D21EF0FA600CE8638 /* AppDelegate.swift */,
				4C46B47F21EF0FA600CE8638 /* ViewController.swift */,
				4C46B48121EF0FA600CE8638 /* Main.storyboard */,
				4C46B48421EF0FA700CE8638 /* Assets.xcassets */,
				4C46B48621EF0FA700CE8638 /* LaunchScreen.storyboard */,
				4C46B48921EF0FA700CE8638 /* Info.plist */,
			);
			path = "part02-CustomFilter";
			sourceTree = "<group>";
		};
		4C46B48F21EF161200CE8638 /* Filters */ = {
			isa = PBXGroup;
			children = (
				4C46B49921EF2DD500CE8638 /* Filter.swift */,
				4C46B49521EF213800CE8638 /* FilterViewController.swift */,
				4C46B49421EF20FB00CE8638 /* Mirror */,
			);
			path = Filters;
			sourceTree = "<group>";
		};
		4C46B49421EF20FB00CE8638 /* Mirror */ = {
			isa = PBXGroup;
			children = (
				4C46B49021EF162D00CE8638 /* Mirror.cikernel */,
				4C46B49221EF16E100CE8638 /* MirrorFilter.swift */,
				4C46B49721EF21FA00CE8638 /* MirrorFilterViewController.swift */,
			);
			path = Mirror;
			sourceTree = "<group>";
		};
		C4834A86CF1B9E69E7009BA5 /* Frameworks */ = {
			isa = PBXGroup;
			children = (
				60DFA9BA3B65DA6398B664D6 /* Pods_part02_CustomFilter.framework */,
			);
			name = Frameworks;
			sourceTree = "<group>";
		};
/* End PBXGroup section */

/* Begin PBXNativeTarget section */
		4C46B47921EF0FA600CE8638 /* part02-CustomFilter */ = {
			isa = PBXNativeTarget;
			buildConfigurationList = 4C46B48C21EF0FA700CE8638 /* Build configuration list for PBXNativeTarget "part02-CustomFilter" */;
			buildPhases = (
				EFD4FD0DE88EDAD67421ECBA /* [CP] Check Pods Manifest.lock */,
				4C46B47621EF0FA600CE8638 /* Sources */,
				4C46B47721EF0FA600CE8638 /* Frameworks */,
				4C46B47821EF0FA600CE8638 /* Resources */,
				F0250FBC4FC2122D4DA7F5E3 /* [CP] Embed Pods Frameworks */,
			);
			buildRules = (
			);
			dependencies = (
			);
			name = "part02-CustomFilter";
			productName = "part02-CustomFilter";
			productReference = 4C46B47A21EF0FA600CE8638 /* part02-CustomFilter.app */;
			productType = "com.apple.product-type.application";
		};
/* End PBXNativeTarget section */

/* Begin PBXProject section */
		4C46B47221EF0FA600CE8638 /* Project object */ = {
			isa = PBXProject;
			attributes = {
				LastSwiftUpdateCheck = 1010;
				LastUpgradeCheck = 1010;
				ORGANIZATIONNAME = "残无殇";
				TargetAttributes = {
					4C46B47921EF0FA600CE8638 = {
						CreatedOnToolsVersion = 10.1;
					};
				};
			};
			buildConfigurationList = 4C46B47521EF0FA600CE8638 /* Build configuration list for PBXProject "part02-CustomFilter" */;
			compatibilityVersion = "Xcode 9.3";
			developmentRegion = en;
			hasScannedForEncodings = 0;
			knownRegions = (
				en,
				Base,
			);
			mainGroup = 4C46B47121EF0FA600CE8638;
			productRefGroup = 4C46B47B21EF0FA600CE8638 /* Products */;
			projectDirPath = "";
			projectRoot = "";
			targets = (
				4C46B47921EF0FA600CE8638 /* part02-CustomFilter */,
			);
		};
/* End PBXProject section */

/* Begin PBXResourcesBuildPhase section */
		4C46B47821EF0FA600CE8638 /* Resources */ = {
			isa = PBXResourcesBuildPhase;
			buildActionMask = 2147483647;
			files = (
				4C46B48821EF0FA700CE8638 /* LaunchScreen.storyboard in Resources */,
				4C46B48521EF0FA700CE8638 /* Assets.xcassets in Resources */,
				4C46B49121EF162D00CE8638 /* Mirror.cikernel in Resources */,
				4C46B48321EF0FA600CE8638 /* Main.storyboard in Resources */,
			);
			runOnlyForDeploymentPostprocessing = 0;
		};
/* End PBXResourcesBuildPhase section */

/* Begin PBXShellScriptBuildPhase section */
		EFD4FD0DE88EDAD67421ECBA /* [CP] Check Pods Manifest.lock */ = {
			isa = PBXShellScriptBuildPhase;
			buildActionMask = 2147483647;
			files = (
			);
			inputPaths = (
				"${PODS_PODFILE_DIR_PATH}/Podfile.lock",
				"${PODS_ROOT}/Manifest.lock",
			);
			name = "[CP] Check Pods Manifest.lock";
			outputPaths = (
				"$(DERIVED_FILE_DIR)/Pods-part02-CustomFilter-checkManifestLockResult.txt",
			);
			runOnlyForDeploymentPostprocessing = 0;
			shellPath = /bin/sh;
			shellScript = "diff \"${PODS_PODFILE_DIR_PATH}/Podfile.lock\" \"${PODS_ROOT}/Manifest.lock\" > /dev/null\nif [ $? != 0 ] ; then\n    # print error to STDERR\n    echo \"error: The sandbox is not in sync with the Podfile.lock. Run 'pod install' or update your CocoaPods installation.\" >&2\n    exit 1\nfi\n# This output is used by Xcode 'outputs' to avoid re-running this script phase.\necho \"SUCCESS\" > \"${SCRIPT_OUTPUT_FILE_0}\"\n";
			showEnvVarsInLog = 0;
		};
		F0250FBC4FC2122D4DA7F5E3 /* [CP] Embed Pods Frameworks */ = {
			isa = PBXShellScriptBuildPhase;
			buildActionMask = 2147483647;
			files = (
			);
			inputPaths = (
				"${SRCROOT}/Pods/Target Support Files/Pods-part02-CustomFilter/Pods-part02-CustomFilter-frameworks.sh",
				"${BUILT_PRODUCTS_DIR}/Hue/Hue.framework",
				"${BUILT_PRODUCTS_DIR}/SnapKit/SnapKit.framework",
			);
			name = "[CP] Embed Pods Frameworks";
			outputPaths = (
				"${TARGET_BUILD_DIR}/${FRAMEWORKS_FOLDER_PATH}/Hue.framework",
				"${TARGET_BUILD_DIR}/${FRAMEWORKS_FOLDER_PATH}/SnapKit.framework",
			);
			runOnlyForDeploymentPostprocessing = 0;
			shellPath = /bin/sh;
			shellScript = "\"${SRCROOT}/Pods/Target Support Files/Pods-part02-CustomFilter/Pods-part02-CustomFilter-frameworks.sh\"\n";
			showEnvVarsInLog = 0;
		};
/* End PBXShellScriptBuildPhase section */

/* Begin PBXSourcesBuildPhase section */
		4C46B47621EF0FA600CE8638 /* Sources */ = {
			isa = PBXSourcesBuildPhase;
			buildActionMask = 2147483647;
			files = (
				4C46B48021EF0FA600CE8638 /* ViewController.swift in Sources */,
				4C46B49A21EF2DD500CE8638 /* Filter.swift in Sources */,
				4C46B49321EF16E100CE8638 /* MirrorFilter.swift in Sources */,
				4C46B49821EF21FA00CE8638 /* MirrorFilterViewController.swift in Sources */,
				4C46B49621EF213800CE8638 /* FilterViewController.swift in Sources */,
				4C46B47E21EF0FA600CE8638 /* AppDelegate.swift in Sources */,
			);
			runOnlyForDeploymentPostprocessing = 0;
		};
/* End PBXSourcesBuildPhase section */

/* Begin PBXVariantGroup section */
		4C46B48121EF0FA600CE8638 /* Main.storyboard */ = {
			isa = PBXVariantGroup;
			children = (
				4C46B48221EF0FA600CE8638 /* Base */,
			);
			name = Main.storyboard;
			sourceTree = "<group>";
		};
		4C46B48621EF0FA700CE8638 /* LaunchScreen.storyboard */ = {
			isa = PBXVariantGroup;
			children = (
				4C46B48721EF0FA700CE8638 /* Base */,
			);
			name = LaunchScreen.storyboard;
			sourceTree = "<group>";
		};
/* End PBXVariantGroup section */

/* Begin XCBuildConfiguration section */
		4C46B48A21EF0FA700CE8638 /* Debug */ = {
			isa = XCBuildConfiguration;
			buildSettings = {
				ALWAYS_SEARCH_USER_PATHS = NO;
				CLANG_ANALYZER_NONNULL = YES;
				CLANG_ANALYZER_NUMBER_OBJECT_CONVERSION = YES_AGGRESSIVE;
				CLANG_CXX_LANGUAGE_STANDARD = "gnu++14";
				CLANG_CXX_LIBRARY = "libc++";
				CLANG_ENABLE_MODULES = YES;
				CLANG_ENABLE_OBJC_ARC = YES;
				CLANG_ENABLE_OBJC_WEAK = YES;
				CLANG_WARN_BLOCK_CAPTURE_AUTORELEASING = YES;
				CLANG_WARN_BOOL_CONVERSION = YES;
				CLANG_WARN_COMMA = YES;
				CLANG_WARN_CONSTANT_CONVERSION = YES;
				CLANG_WARN_DEPRECATED_OBJC_IMPLEMENTATIONS = YES;
				CLANG_WARN_DIRECT_OBJC_ISA_USAGE = YES_ERROR;
				CLANG_WARN_DOCUMENTATION_COMMENTS = YES;
				CLANG_WARN_EMPTY_BODY = YES;
				CLANG_WARN_ENUM_CONVERSION = YES;
				CLANG_WARN_INFINITE_RECURSION = YES;
				CLANG_WARN_INT_CONVERSION = YES;
				CLANG_WARN_NON_LITERAL_NULL_CONVERSION = YES;
				CLANG_WARN_OBJC_IMPLICIT_RETAIN_SELF = YES;
				CLANG_WARN_OBJC_LITERAL_CONVERSION = YES;
				CLANG_WARN_OBJC_ROOT_CLASS = YES_ERROR;
				CLANG_WARN_RANGE_LOOP_ANALYSIS = YES;
				CLANG_WARN_STRICT_PROTOTYPES = YES;
				CLANG_WARN_SUSPICIOUS_MOVE = YES;
				CLANG_WARN_UNGUARDED_AVAILABILITY = YES_AGGRESSIVE;
				CLANG_WARN_UNREACHABLE_CODE = YES;
				CLANG_WARN__DUPLICATE_METHOD_MATCH = YES;
				CODE_SIGN_IDENTITY = "iPhone Developer";
				COPY_PHASE_STRIP = NO;
				DEBUG_INFORMATION_FORMAT = dwarf;
				ENABLE_STRICT_OBJC_MSGSEND = YES;
				ENABLE_TESTABILITY = YES;
				GCC_C_LANGUAGE_STANDARD = gnu11;
				GCC_DYNAMIC_NO_PIC = NO;
				GCC_NO_COMMON_BLOCKS = YES;
				GCC_OPTIMIZATION_LEVEL = 0;
				GCC_PREPROCESSOR_DEFINITIONS = (
					"DEBUG=1",
					"$(inherited)",
				);
				GCC_WARN_64_TO_32_BIT_CONVERSION = YES;
				GCC_WARN_ABOUT_RETURN_TYPE = YES_ERROR;
				GCC_WARN_UNDECLARED_SELECTOR = YES;
				GCC_WARN_UNINITIALIZED_AUTOS = YES_AGGRESSIVE;
				GCC_WARN_UNUSED_FUNCTION = YES;
				GCC_WARN_UNUSED_VARIABLE = YES;
				IPHONEOS_DEPLOYMENT_TARGET = 12.1;
				MTL_ENABLE_DEBUG_INFO = INCLUDE_SOURCE;
				MTL_FAST_MATH = YES;
				ONLY_ACTIVE_ARCH = YES;
				SDKROOT = iphoneos;
				SWIFT_ACTIVE_COMPILATION_CONDITIONS = DEBUG;
				SWIFT_OPTIMIZATION_LEVEL = "-Onone";
			};
			name = Debug;
		};
		4C46B48B21EF0FA700CE8638 /* Release */ = {
			isa = XCBuildConfiguration;
			buildSettings = {
				ALWAYS_SEARCH_USER_PATHS = NO;
				CLANG_ANALYZER_NONNULL = YES;
				CLANG_ANALYZER_NUMBER_OBJECT_CONVERSION = YES_AGGRESSIVE;
				CLANG_CXX_LANGUAGE_STANDARD = "gnu++14";
				CLANG_CXX_LIBRARY = "libc++";
				CLANG_ENABLE_MODULES = YES;
				CLANG_ENABLE_OBJC_ARC = YES;
				CLANG_ENABLE_OBJC_WEAK = YES;
				CLANG_WARN_BLOCK_CAPTURE_AUTORELEASING = YES;
				CLANG_WARN_BOOL_CONVERSION = YES;
				CLANG_WARN_COMMA = YES;
				CLANG_WARN_CONSTANT_CONVERSION = YES;
				CLANG_WARN_DEPRECATED_OBJC_IMPLEMENTATIONS = YES;
				CLANG_WARN_DIRECT_OBJC_ISA_USAGE = YES_ERROR;
				CLANG_WARN_DOCUMENTATION_COMMENTS = YES;
				CLANG_WARN_EMPTY_BODY = YES;
				CLANG_WARN_ENUM_CONVERSION = YES;
				CLANG_WARN_INFINITE_RECURSION = YES;
				CLANG_WARN_INT_CONVERSION = YES;
				CLANG_WARN_NON_LITERAL_NULL_CONVERSION = YES;
				CLANG_WARN_OBJC_IMPLICIT_RETAIN_SELF = YES;
				CLANG_WARN_OBJC_LITERAL_CONVERSION = YES;
				CLANG_WARN_OBJC_ROOT_CLASS = YES_ERROR;
				CLANG_WARN_RANGE_LOOP_ANALYSIS = YES;
				CLANG_WARN_STRICT_PROTOTYPES = YES;
				CLANG_WARN_SUSPICIOUS_MOVE = YES;
				CLANG_WARN_UNGUARDED_AVAILABILITY = YES_AGGRESSIVE;
				CLANG_WARN_UNREACHABLE_CODE = YES;
				CLANG_WARN__DUPLICATE_METHOD_MATCH = YES;
				CODE_SIGN_IDENTITY = "iPhone Developer";
				COPY_PHASE_STRIP = NO;
				DEBUG_INFORMATION_FORMAT = "dwarf-with-dsym";
				ENABLE_NS_ASSERTIONS = NO;
				ENABLE_STRICT_OBJC_MSGSEND = YES;
				GCC_C_LANGUAGE_STANDARD = gnu11;
				GCC_NO_COMMON_BLOCKS = YES;
				GCC_WARN_64_TO_32_BIT_CONVERSION = YES;
				GCC_WARN_ABOUT_RETURN_TYPE = YES_ERROR;
				GCC_WARN_UNDECLARED_SELECTOR = YES;
				GCC_WARN_UNINITIALIZED_AUTOS = YES_AGGRESSIVE;
				GCC_WARN_UNUSED_FUNCTION = YES;
				GCC_WARN_UNUSED_VARIABLE = YES;
				IPHONEOS_DEPLOYMENT_TARGET = 12.1;
				MTL_ENABLE_DEBUG_INFO = NO;
				MTL_FAST_MATH = YES;
				SDKROOT = iphoneos;
				SWIFT_COMPILATION_MODE = wholemodule;
				SWIFT_OPTIMIZATION_LEVEL = "-O";
				VALIDATE_PRODUCT = YES;
			};
			name = Release;
		};
		4C46B48D21EF0FA700CE8638 /* Debug */ = {
			isa = XCBuildConfiguration;
			baseConfigurationReference = 7ABBCD74E0574E7DA6159FD2 /* Pods-part02-CustomFilter.debug.xcconfig */;
			buildSettings = {
				ASSETCATALOG_COMPILER_APPICON_NAME = AppIcon;
				CODE_SIGN_STYLE = Automatic;
				DEVELOPMENT_TEAM = T835WRSBN8;
				INFOPLIST_FILE = "part02-CustomFilter/Info.plist";
				IPHONEOS_DEPLOYMENT_TARGET = 10.0;
				LD_RUNPATH_SEARCH_PATHS = (
					"$(inherited)",
					"@executable_path/Frameworks",
				);
				PRODUCT_BUNDLE_IDENTIFIER = "com.zbc.part02-CustomFilter";
				PRODUCT_NAME = "$(TARGET_NAME)";
				SWIFT_VERSION = 4.2;
				TARGETED_DEVICE_FAMILY = "1,2";
				USER_HEADER_SEARCH_PATHS = "$(PODS_ROOT)/**";
			};
			name = Debug;
		};
		4C46B48E21EF0FA700CE8638 /* Release */ = {
			isa = XCBuildConfiguration;
			baseConfigurationReference = A904B4FE83AB2932B7481745 /* Pods-part02-CustomFilter.release.xcconfig */;
			buildSettings = {
				ASSETCATALOG_COMPILER_APPICON_NAME = AppIcon;
				CODE_SIGN_STYLE = Automatic;
				DEVELOPMENT_TEAM = T835WRSBN8;
				INFOPLIST_FILE = "part02-CustomFilter/Info.plist";
				IPHONEOS_DEPLOYMENT_TARGET = 10.0;
				LD_RUNPATH_SEARCH_PATHS = (
					"$(inherited)",
					"@executable_path/Frameworks",
				);
				PRODUCT_BUNDLE_IDENTIFIER = "com.zbc.part02-CustomFilter";
				PRODUCT_NAME = "$(TARGET_NAME)";
				SWIFT_VERSION = 4.2;
				TARGETED_DEVICE_FAMILY = "1,2";
				USER_HEADER_SEARCH_PATHS = "$(PODS_ROOT)/**";
			};
			name = Release;
		};
/* End XCBuildConfiguration section */

/* Begin XCConfigurationList section */
		4C46B47521EF0FA600CE8638 /* Build configuration list for PBXProject "part02-CustomFilter" */ = {
			isa = XCConfigurationList;
			buildConfigurations = (
				4C46B48A21EF0FA700CE8638 /* Debug */,
				4C46B48B21EF0FA700CE8638 /* Release */,
			);
			defaultConfigurationIsVisible = 0;
			defaultConfigurationName = Release;
		};
		4C46B48C21EF0FA700CE8638 /* Build configuration list for PBXNativeTarget "part02-CustomFilter" */ = {
			isa = XCConfigurationList;
			buildConfigurations = (
				4C46B48D21EF0FA700CE8638 /* Debug */,
				4C46B48E21EF0FA700CE8638 /* Release */,
			);
			defaultConfigurationIsVisible = 0;
			defaultConfigurationName = Release;
		};
/* End XCConfigurationList section */
	};
	rootObject = 4C46B47221EF0FA600CE8638 /* Project object */;
}
